ariga.io/atlas v1.2.0 h1:PJZzG1zTA8SzMR1giJ7XnQe4VjfDWEbJjHnIaK45BFg=
ariga.io/atlas v1.2.0/go.mod h1:vg7qWSatkNqs04Y4Lheg7vR4bGX0wy51Wz4FIMFVr3U=
cloud.google.com/go v0.123.0 h1:2NAUJwPR47q+E35uaJeYoNhuNEM9kM8SjgRgdeOJUSE=
cloud.google.com/go v0.123.0/go.mod h1:xBoMV08QcqUGuPW65Qfm1o9Y4zKZBpGS+7bImXLTAZU=
cloud.google.com/go/auth v0.20.0 h1:kXTssoVb4azsVDoUiF8KvxAqrsQcQtB53DcSgta74CA=
cloud.google.com/go/auth v0.20.0/go.mod h1:942/yi/itH1SsmpyrbnTMDgGfdy2BUqIKyd0cyYLc5Q=
cloud.google.com/go/compute/metadata v0.9.0 h1:pDUj4QMoPejqq20dK0Pg2N4yG9zIkYGdBtwLoEkH9Zs=
cloud.google.com/go/compute/metadata v0.9.0/go.mod h1:E0bWwX5wTnLPedCKqk3pJmVgCBSM6qQI1yTBdEb3C10=
entgo.io/ent v0.14.6 h1:/f2696BpwuWAEEG6PVGWflg6+Inrpq4pRWuNlWz/Skk=
entgo.io/ent v0.14.6/go.mod h1:z46QBUdGC+BATwsedbDuREfSS0oSCV+csdEYlL4p73s=
github.com/DATA-DOG/go-sqlmock v1.5.0 h1:Shsta01QNfFxHCfpW6YH2STWB0MudeXXEWMr20OEh60=
github.com/DATA-DOG/go-sqlmock v1.5.0/go.mod h1:f/Ixk793poVmq4qj/V1dPUg2JEAKC73Q5eFN3EC/SaM=
github.com/OpenSLO/go-sdk v0.9.2 h1:pc6b4sWImIJreEDGNPbfplMbOZL5LwOkoRq2IULShRc=
github.com/OpenSLO/go-sdk v0.9.2/go.mod h1:s4PEBTqO5O2u5SeVFQZyLHE9RzCZgGNxTt43FwuqvCo=
github.com/agext/levenshtein v1.2.3 h1:YB2fHEn0UJagG8T1rrWknE3ZQzWM06O8AMAatNn7lmo=
github.com/agext/levenshtein v1.2.3/go.mod h1:JEDfjyjHDjOF/1e4FlBE/PkbqA9OfWu2ki2W0IB5558=
github.com/anthropics/anthropic-sdk-go v1.45.0 h1:rWnpyBpm9OAm97jyH5bi6W4SRCwJeNY/RyhaJ7CHSUI=
github.com/anthropics/anthropic-sdk-go v1.45.0/go.mod h1:bx5vWuHFuGPkELH8Z4KUiNSohFnUwScdpTyr+50myPo=
github.com/apparentlymart/go-textseg/v15 v15.0.0 h1:uYvfpb3DyLSCGWnctWKGj857c6ew1u1fNQOlOtuGxQY=
github.com/apparentlymart/go-textseg/v15 v15.0.0/go.mod h1:K8XmNZdhEBkdlyDdvbmmsvpAG721bKi0joRfFdHIWJ4=
github.com/aws/aws-sdk-go-v2 v1.41.7 h1:DWpAJt66FmnnaRIOT/8ASTucrvuDPZASqhhLey6tLY8=
github.com/aws/aws-sdk-go-v2 v1.41.7/go.mod h1:4LAfZOPHNVNQEckOACQx60Y8pSRjIkNZQz1w92xpMJc=
github.com/aws/aws-sdk-go-v2/aws/protocol/eventstream v1.7.10 h1:gx1AwW1Iyk9Z9dD9F4akX5gnN3QZwUB20GGKH/I+Rho=
github.com/aws/aws-sdk-go-v2/aws/protocol/eventstream v1.7.10/go.mod h1:qqY157uZoqm5OXq/amuaBJyC9hgBCBQnsaWnPe905GY=
github.com/aws/aws-sdk-go-v2/config v1.32.18 h1:Hcia46bxhGgF3BaSnG8nSNCWmqTK6bj9xN9/FJ3WK6Q=
github.com/aws/aws-sdk-go-v2/config v1.32.18/go.mod h1:zEjCAYmxqDadH1WX8CdBvmLKhUEUVFgKRQG38zjDmrY=
github.com/aws/aws-sdk-go-v2/credentials v1.19.17 h1:gP2nkGsS+KMvF/jfFz2Vv2qiiOqWKyPACSzPsqHgoW8=
github.com/aws/aws-sdk-go-v2/credentials v1.19.17/go.mod h1:Bsew3S/moG5iT77giPj1q8wb/s0RE5/QfH+ASjYtuQc=
github.com/aws/aws-sdk-go-v2/feature/ec2/imds v1.18.23 h1:UuSfcORqNSz/ey3VPRS8TcVH2Ikf0/sC+Hdj400QI6U=
github.com/aws/aws-sdk-go-v2/feature/ec2/imds v1.18.23/go.mod h1:+G/OSGiOFnSOkYloKj/9M35s74LgVAdJBSD5lsFfqKg=
github.com/aws/aws-sdk-go-v2/internal/configsources v1.4.23 h1:GpT/TrnBYuE5gan2cZbTtvP+JlHsutdmlV2YfEyNde0=
github.com/aws/aws-sdk-go-v2/internal/configsources v1.4.23/go.mod h1:xYWD6BS9ywC5bS3sz9Xh04whO/hzK2plt2Zkyrp4JuA=
github.com/aws/aws-sdk-go-v2/internal/endpoints/v2 v2.7.23 h1:bpd8vxhlQi2r1hiueOw02f/duEPTMK59Q4QMAoTTtTo=
github.com/aws/aws-sdk-go-v2/internal/endpoints/v2 v2.7.23/go.mod h1:15DfR2nw+CRHIk0tqNyifu3G1YdAOy68RftkhMDDwYk=
github.com/aws/aws-sdk-go-v2/internal/v4a v1.4.24 h1:OQqn11BtaYv1WLUowvcA30MpzIu8Ti4pcLPIIyoKZrA=
github.com/aws/aws-sdk-go-v2/internal/v4a v1.4.24/go.mod h1:X5ZJyfwVrWA96GzPmUCWFQaEARPR7gCrpq2E92PJwAE=
github.com/aws/aws-sdk-go-v2/service/bedrockruntime v1.52.0 h1:sIt+/BW1nUgFiCYS/1aurA/gaZZGWg6mwvqN0l/6f2k=
github.com/aws/aws-sdk-go-v2/service/bedrockruntime v1.52.0/go.mod h1:uY1fJe6m3I3w/m8UAkQ89Cm/ZAt/um6LW+AOZU33LDI=
github.com/aws/aws-sdk-go-v2/service/internal/accept-encoding v1.13.9 h1:FLudkZLt5ci0ozzgkVo8BJGwvqNaZbTWb3UcucAateA=
github.com/aws/aws-sdk-go-v2/service/internal/accept-encoding v1.13.9/go.mod h1:w7wZ/s9qK7c8g4al+UyoF1Sp/Z45UwMGcqIzLWVQHWk=
github.com/aws/aws-sdk-go-v2/service/internal/presigned-url v1.13.23 h1:pbrxO/kuIwgEsOPLkaHu0O+m4fNgLU8B3vxQ+72jTPw=
github.com/aws/aws-sdk-go-v2/service/internal/presigned-url v1.13.23/go.mod h1:/CMNUqoj46HpS3MNRDEDIwcgEnrtZlKRaHNaHxIFpNA=
github.com/aws/aws-sdk-go-v2/service/signin v1.0.11 h1:TdJ+HdzOBhU8+iVAOGUTU63VXopcumCOF1paFulHWZc=
github.com/aws/aws-sdk-go-v2/service/signin v1.0.11/go.mod h1:R82ZRExE/nheo0N+T8zHPcLRTcH8MGsnR3BiVGX0TwI=
github.com/aws/aws-sdk-go-v2/service/sso v1.30.17 h1:7byT8HUWrgoRp6sXjxtZwgOKfhss5fW6SkLBtqzgRoE=
github.com/aws/aws-sdk-go-v2/service/sso v1.30.17/go.mod h1:xNWknVi4Ezm1vg1QsB/5EWpAJURq22uqd38U8qKvOJc=
github.com/aws/aws-sdk-go-v2/service/ssooidc v1.36.0 h1:nDARhv/oF55bcxF7rCI/4PDxOKnVXVWwDuDwCs2I2SQ=
github.com/aws/aws-sdk-go-v2/service/ssooidc v1.36.0/go.mod h1:4vIRDq+CJB2xFAXZ+YgGUTiEft7oAQlhIs71xcSeuVg=
github.com/aws/aws-sdk-go-v2/service/sts v1.42.1 h1:F/M5Y9I3nwr2IEpshZgh1GeHpOItExNM9L1euNuh/fk=
github.com/aws/aws-sdk-go-v2/service/sts v1.42.1/go.mod h1:mTNxImtovCOEEuD65mKW7DCsL+2gjEH+RPEAexAzAio=
github.com/aws/smithy-go v1.25.1 h1:J8ERsGSU7d+aCmdQur5Txg6bVoYelvQJgtZehD12GkI=
github.com/aws/smithy-go v1.25.1/go.mod h1:YE2RhdIuDbA5E5bTdciG9KrW3+TiEONeUWCqxX9i1Fc=
github.com/bahlo/generic-list-go v0.2.0 h1:5sz/EEAK+ls5wF+NeqDpk5+iNdMDXrh3z3nPnH1Wvgk=
github.com/bahlo/generic-list-go v0.2.0/go.mod h1:2KvAjgMlE5NNynlg/5iLrrCCZ2+5xWbdbCW3pNTGyYg=
github.com/bmatcuk/doublestar v1.3.4 h1:gPypJ5xD31uhX6Tf54sDPUOBXTqKH4c9aPY66CyQrS0=
github.com/bmatcuk/doublestar v1.3.4/go.mod h1:wiQtGV+rzVYxB7WIlirSN++5HPtPlXEo9MEoZQC/PmE=
github.com/buger/jsonparser v1.2.0 h1:4EFcvK1kD4jyj6YqNK6skK6w+y7FHHBR+XBCtxwu/6g=
github.com/buger/jsonparser v1.2.0/go.mod h1:6RYKKt7H4d4+iWqouImQ9R2FZql3VbhNgx27UK13J/0=
github.com/cenkalti/backoff/v5 v5.0.3 h1:ZN+IMa753KfX5hd8vVaMixjnqRZ3y8CuJKRKj1xcsSM=
github.com/cenkalti/backoff/v5 v5.0.3/go.mod h1:rkhZdG3JZukswDf7f0cwqPNk4K0sa+F97BxZthm/crw=
github.com/cespare/xxhash/v2 v2.3.0 h1:UL815xU9SqsFlibzuggzjXhog7bL6oX9BbNZnL2UFvs=
github.com/cespare/xxhash/v2 v2.3.0/go.mod h1:VGX0DQ3Q6kWi7AoAeZDth3/j3BFtOZR5XLFGgcrjCOs=
github.com/clipperhouse/displaywidth v0.11.0 h1:lBc6kY44VFw+TDx4I8opi/EtL9m20WSEFgwIwO+UVM8=
github.com/clipperhouse/displaywidth v0.11.0/go.mod h1:bkrFNkf81G8HyVqmKGxsPufD3JhNl3dSqnGhOoSD/o0=
github.com/clipperhouse/uax29/v2 v2.7.0 h1:+gs4oBZ2gPfVrKPthwbMzWZDaAFPGYK72F0NJv2v7Vk=
github.com/clipperhouse/uax29/v2 v2.7.0/go.mod h1:EFJ2TJMRUaplDxHKj1qAEhCtQPW2tJSwu5BF98AuoVM=
github.com/davecgh/go-spew v1.1.0/go.mod h1:J7Y8YcW2NihsgmVo/mv3lAwl/skON4iLHjSsI+c5H38=
github.com/davecgh/go-spew v1.1.1 h1:vj9j/u1bqnvCEfJOwUhtlOARqs3+rkHYY13jYWTU97c=
github.com/davecgh/go-spew v1.1.1/go.mod h1:J7Y8YcW2NihsgmVo/mv3lAwl/skON4iLHjSsI+c5H38=
github.com/dnaeon/go-vcr v1.2.0 h1:zHCHvJYTMh1N7xnV7zf1m1GPBF9Ad0Jk/whtQ1663qI=
github.com/dnaeon/go-vcr v1.2.0/go.mod h1:R4UdLID7HZT3taECzJs4YgbbH6PIGXB6W/sc5OLb6RQ=
github.com/fatih/color v1.19.0 h1:Zp3PiM21/9Ld6FzSKyL5c/BULoe/ONr9KlbYVOfG8+w=
github.com/fatih/color v1.19.0/go.mod h1:zNk67I0ZUT1bEGsSGyCZYZNrHuTkJJB+r6Q9VuMi0LE=
github.com/felixge/httpsnoop v1.0.4 h1:NFTV2Zj1bL4mc9sqWACXbQFVBBg2W3GPvqp8/ESS2Wg=
github.com/felixge/httpsnoop v1.0.4/go.mod h1:m8KPJKqk1gH5J9DgRY2ASl2lWCfGKXixSwevea8zH2U=
github.com/go-logr/logr v1.2.2/go.mod h1:jdQByPbusPIv2/zmleS9BjJVeZ6kBagPoEUsqbVz/1A=
github.com/go-logr/logr v1.4.3 h1:CjnDlHq8ikf6E492q6eKboGOC0T8CDaOvkHCIg8idEI=
github.com/go-logr/logr v1.4.3/go.mod h1:9T104GzyrTigFIr8wt5mBrctHMim0Nb2HLGrmQ40KvY=
github.com/go-logr/stdr v1.2.2 h1:hSWxHoqTgW2S2qGc0LTAI563KZ5YKYRhT3MFKZMbjag=
github.com/go-logr/stdr v1.2.2/go.mod h1:mMo/vtBO5dYbehREoey6XUKy/eSumjCCveDpRre4VKE=
github.com/go-openapi/inflect v0.21.5 h1:M2RCq6PPS3YbIaL7CXosGL3BbzAcmfBAT0nC3YfesZA=
github.com/go-openapi/inflect v0.21.5/go.mod h1:GypUyi6bU880NYurWaEH2CmH84zFDNd+EhhmzroHmB4=
github.com/go-test/deep v1.0.3 h1:ZrJSEWsXzPOxaZnFteGEfooLba+ju3FYIbOrS+rQd68=
github.com/go-test/deep v1.0.3/go.mod h1:wGDj63lr65AM2AQyKZd/NYHGb0R+1RLqB8NKt3aSFNA=
github.com/goccy/go-json v0.10.6 h1:p8HrPJzOakx/mn/bQtjgNjdTcN+/S6FcG2CTtQOrHVU=
github.com/goccy/go-json v0.10.6/go.mod h1:oq7eo15ShAhp70Anwd5lgX2pLfOS3QCiwU/PULtXL6M=
github.com/golang/protobuf v1.5.4 h1:i7eJL8qZTpSEXOPTxNKhASYpMn+8e5Q6AdndVa1dWek=
github.com/golang/protobuf v1.5.4/go.mod h1:lnTiLA8Wa4RWRcIUkrtSVa5nRhsEGBg48fD6rSs7xps=
github.com/google/go-cmp v0.7.0 h1:wk8382ETsv4JYUZwIsn6YpYiWiBsYLSJiTsyBybVuN8=
github.com/google/go-cmp v0.7.0/go.mod h1:pXiqmnSA92OHEEa9HXL2W4E7lf9JzCmGVUdgjX3N/iU=
github.com/google/s2a-go v0.1.9 h1:LGD7gtMgezd8a/Xak7mEWL0PjoTQFvpRudN895yqKW0=
github.com/google/s2a-go v0.1.9/go.mod h1:YA0Ei2ZQL3acow2O62kdp9UlnvMmU7kA6Eutn0dXayM=
github.com/google/uuid v1.6.0 h1:NIvaJDMOsjHA8n1jAhLSgzrAzy1Hgr+hNrb57e+94F0=
github.com/google/uuid v1.6.0/go.mod h1:TIyPZe4MgqvfeYDBFedMoGGpEw/LqOeaOT+nhxU+yHo=
github.com/googleapis/enterprise-certificate-proxy v0.3.16 h1:F/VPrx0YPBdksZJQdCAp0WUsqnNmZpUZszzfYt0M5Dw=
github.com/googleapis/enterprise-certificate-proxy v0.3.16/go.mod h1:9Yb0eAkH/Xqhvv3zbeKf/+wMJqCeocWc6KIhDvEAuYE=
github.com/googleapis/gax-go/v2 v2.22.0 h1:PjIWBpgGIVKGoCXuiCoP64altEJCj3/Ei+kSU5vlZD4=
github.com/googleapis/gax-go/v2 v2.22.0/go.mod h1:irWBbALSr0Sk3qlqb9SyJ1h68WjgeFuiOzI4Rqw5+aY=
github.com/gorilla/websocket v1.5.3 h1:saDtZ6Pbx/0u+bgYQ3q96pZgCzfhKXGPqt7kZ72aNNg=
github.com/gorilla/websocket v1.5.3/go.mod h1:YR8l580nyteQvAITg2hZ9XVh4b55+EU/adAjf1fMHhE=
github.com/grokify/base36 v1.0.5 h1:iUgnt40hrPtn3M2gjU4Darow5ikf8xWXrTuMWTLziCk=
github.com/grokify/base36 v1.0.5/go.mod h1:L+1aaUBGfp5Ctar7KCS5G9uPABo1Ccu1Ct2iQAuhOJ4=
github.com/grokify/gocharts/v2 v2.27.0 h1:Ca9dlnd+JakmQZzDrRiRRkvRYotW5VXW/72emOJ3oAA=
github.com/grokify/gocharts/v2 v2.27.0/go.mod h1:3buFARwTBlVwHYHPmyS0tHyr1U1GK8hnYYA6+TTTAcU=
github.com/grokify/mogo v0.74.5 h1:UNS4Ox2kJ4NTt6ySAT3QbDuRHcThcwDnf5iFQ+iFgac=
github.com/grokify/mogo v0.74.5/go.mod h1:Rz4OegG82u42eOpY+VKM0FtX2UtYDVpMvdUTNIPkYnA=
github.com/grokify/slogo v0.3.0 h1:5hRwy8lmq8VtSEk1S8zY8AT8PTSmPKxGoZ0wU3VRXcY=
github.com/grokify/slogo v0.3.0/go.mod h1:uOJ4gffi5QKdACCIP+eGF6ro8JumGUwNtShfzEMtATk=
github.com/grokify/sogo v0.15.0 h1:RS4DPxNhZQLmz/qcLa5t1Mr+SjGwSZPJgpefp9BJInE=
github.com/grokify/sogo v0.15.0/go.mod h1:BZjNVHThtkfC80J2kcPWCytQzu5XKtHTxCRffpZaWb8=
github.com/grpc-ecosystem/grpc-gateway/v2 v2.29.0 h1:5VipnvEpbqr2gA2VbM+nYVbkIF28c5ZQfqCBQ5g2xfk=
github.com/grpc-ecosystem/grpc-gateway/v2 v2.29.0/go.mod h1:Hyl3n6Twe1hvtd9XUXDec4pTvgMSEixRuQKPTMH2bNs=
github.com/hashicorp/hcl/v2 v2.24.0 h1:2QJdZ454DSsYGoaE6QheQZjtKZSUs9Nh2izTWiwQxvE=
github.com/hashicorp/hcl/v2 v2.24.0/go.mod h1:oGoO1FIQYfn/AgyOhlg9qLC6/nOJPX3qGbkZpYAcqfM=
github.com/huandu/xstrings v1.5.0 h1:2ag3IFq9ZDANvthTwTiqSSZLjDc+BedvHPAp5tJy2TI=
github.com/huandu/xstrings v1.5.0/go.mod h1:y5/lhBue+AyNmUVz9RLU9xbLR0o4KIIExikq4ovT0aE=
github.com/invopop/jsonschema v0.13.0 h1:KvpoAJWEjR3uD9Kbm2HWJmqsEaHt8lBUpd0qHcIi21E=
github.com/invopop/jsonschema v0.13.0/go.mod h1:ffZ5Km5SWWRAIN6wbDXItl95euhFz2uON45H2qjYt+0=
github.com/kr/pretty v0.3.1 h1:flRD4NNwYAUpkphVc1HcthR4KEIFJ65n8Mw5qdRn3LE=
github.com/kr/pretty v0.3.1/go.mod h1:hoEshYVHaxMs3cyo3Yncou5ZscifuDolrwPKZanG3xk=
github.com/kr/text v0.2.0 h1:5Nx0Ya0ZqY2ygV366QzturHI13Jq95ApcVaJBhpS+AY=
github.com/kr/text v0.2.0/go.mod h1:eLer722TekiGuMkidMxC/pM04lWEeraHUUmBw8l2grE=
github.com/lib/pq v1.12.3 h1:tTWxr2YLKwIvK90ZXEw8GP7UFHtcbTtty8zsI+YjrfQ=
github.com/lib/pq v1.12.3/go.mod h1:/p+8NSbOcwzAEI7wiMXFlgydTwcgTr3OSKMsD2BitpA=
github.com/mailru/easyjson v0.9.2 h1:dX8U45hQsZpxd80nLvDGihsQ/OxlvTkVUXH2r/8cb2M=
github.com/mailru/easyjson v0.9.2/go.mod h1:1+xMtQp2MRNVL/V1bOzuP3aP8VNwRW55fQUto+XFtTU=
github.com/martinlindhe/base36 v1.1.0/go.mod h1:+AtEs8xrBpCeYgSLoY/aJ6Wf37jtBuR0s35750M27+8=
github.com/martinlindhe/base36 v1.1.1 h1:1F1MZ5MGghBXDZ2KJ3QfxmiydlWOGB8HCEtkap5NkVg=
github.com/martinlindhe/base36 v1.1.1/go.mod h1:vMS8PaZ5e/jV9LwFKlm0YLnXl/hpOihiBxKkIoc3g08=
github.com/mattn/go-colorable v0.1.14 h1:9A9LHSqF/7dyVVX6g0U9cwm9pG3kP9gSzcuIPHPsaIE=
github.com/mattn/go-colorable v0.1.14/go.mod h1:6LmQG8QLFO4G5z1gPvYEzlUgJ2wF+stgPZH1UqBm1s8=
github.com/mattn/go-isatty v0.0.22 h1:j8l17JJ9i6VGPUFUYoTUKPSgKe/83EYU2zBC7YNKMw4=
github.com/mattn/go-isatty v0.0.22/go.mod h1:ZXfXG4SQHsB/w3ZeOYbR0PrPwLy+n6xiMrJlRFqopa4=
github.com/mattn/go-runewidth v0.0.23 h1:7ykA0T0jkPpzSvMS5i9uoNn2Xy3R383f9HDx3RybWcw=
github.com/mattn/go-runewidth v0.0.23/go.mod h1:XBkDxAl56ILZc9knddidhrOlY5R/pDhgLpndooCuJAs=
github.com/mattn/go-sqlite3 v1.14.28 h1:ThEiQrnbtumT+QMknw63Befp/ce/nUPgBPMlRFEum7A=
github.com/mattn/go-sqlite3 v1.14.28/go.mod h1:Uh1q+B4BYcTPb+yiD3kU8Ct7aC0hY9fxUwlHK0RXw+Y=
github.com/mitchellh/go-wordwrap v1.0.1 h1:TLuKupo69TCn6TQSyGxwI1EblZZEsQ0vMlAFQflz0v0=
github.com/mitchellh/go-wordwrap v1.0.1/go.mod h1:R62XHJLzvMFRBbcrT7m7WgmE1eOyTSsCt+hzestvNj0=
github.com/nobl9/govy v0.26.0 h1:pjHXreO+3Rl+Uz6/rFX7L54zH4LW/SaTjb6YX3GQGs4=
github.com/nobl9/govy v0.26.0/go.mod h1:fExiIzXORe0ktwg2bWasOAmCZtEFMQkR4PpgzhHcZSA=
github.com/olekukonko/cat v0.0.0-20250911104152-50322a0618f6 h1:zrbMGy9YXpIeTnGj4EljqMiZsIcE09mmF8XsD5AYOJc=
github.com/olekukonko/cat v0.0.0-20250911104152-50322a0618f6/go.mod h1:rEKTHC9roVVicUIfZK7DYrdIoM0EOr8mK1Hj5s3JjH0=
github.com/olekukonko/errors v1.3.0 h1:teJvgLGUEqMzBUms+Dj3/3szNqCG/Jdw9iDbum8fR6U=
github.com/olekukonko/errors v1.3.0/go.mod h1:ppzxA5jBKcO1vIpCXQ9ZqgDh8iwODz6OXIGKU8r5m4Y=
github.com/olekukonko/ll v0.1.8 h1:ysHCJRGHYKzmBSdz9w5AySztx7lG8SQY+naTGYUbsz8=
github.com/olekukonko/ll v0.1.8/go.mod h1:RPRC6UcscfFZgjo1nulkfMH5IM0QAYim0LfnMvUuozw=
github.com/olekukonko/tablewriter v1.1.4 h1:ORUMI3dXbMnRlRggJX3+q7OzQFDdvgbN9nVWj1drm6I=
github.com/olekukonko/tablewriter v1.1.4/go.mod h1:+kedxuyTtgoZLwif3P1Em4hARJs+mVnzKxmsCL/C5RY=
github.com/openai/openai-go v1.12.0 h1:NBQCnXzqOTv5wsgNC36PrFEiskGfO5wccfCWDo9S1U0=
github.com/openai/openai-go v1.12.0/go.mod h1:g461MYGXEXBVdV5SaR/5tNzNbSfwTBBefwc+LlDCK0Y=
github.com/plexusone/omni-anthropic v0.2.1 h1:otbtJzxnl7iwLPG79zOPNYeZMXzVmh4Ka7XrSq2/Be8=
github.com/plexusone/omni-anthropic v0.2.1/go.mod h1:jGB6A9SbAj29cCvefdZbrH9aIoTRRNpSF0DaUNN34MI=
github.com/plexusone/omni-aws v0.8.1 h1:yiRSb5lhUp7b7m8cm68eT3dNVhf092FPufI3Jfke9FE=
github.com/plexusone/omni-aws v0.8.1/go.mod h1:bV0Bt1stcsdLvNOKRaWykqnQs+sRcA7DcdreirH/RGk=
github.com/plexusone/omni-google v0.4.1 h1:R5nhM//q422fW5a4Mx/WkFHsqEKLE44D4F1u3xkOstI=
github.com/plexusone/omni-google v0.4.1/go.mod h1:tqJlGz5lUWjqfdF5vGt8mtxL06LKxsZcob5w+Z0Vx6A=
github.com/plexusone/omni-openai v0.2.2 h1:FpJt924Ei07zJrudYW5+NOnmH/H6OR9wfAIXYYq7zzg=
github.com/plexusone/omni-openai v0.2.2/go.mod h1:olpFz1Sl6TzC3tTN5pNyQyrCZ9/lxLEcUSoCefjL9Q8=
github.com/plexusone/omnillm v0.15.4 h1:Oun0iGqKIcISeTiaPePIezDdmID7wdblc8ZQgH/yWDw=
github.com/plexusone/omnillm v0.15.4/go.mod h1:GPLckAxQkX/zCuNKw8vNlM649WGeFYXatuvNdzH0M/E=
github.com/plexusone/omnillm-core v0.16.0 h1:ClEEAaAl/jgn0nV65azRAulEkLoMtCZqnWQBJCBH5eU=
github.com/plexusone/omnillm-core v0.16.0/go.mod h1:0KzNniPwHXVtfRgfyD3fAlaj8RDktQwRrxEFQrXbLtE=
github.com/plexusone/structured-evaluation v0.5.0 h1:4FfvmmyNbNDtLVG+mb5SV1r/qVPlSBgzg+hSMj5+m/s=
github.com/plexusone/structured-evaluation v0.5.0/go.mod h1:aqkP0xYPPXNg1ZB7MkDqFcWbrXLahrpRtAoYCav72bg=
github.com/pmezard/go-difflib v1.0.0 h1:4DBwDE0NGyQoBHbLQYPwSUPoCMWR5BEzIk/f1lZbAQM=
github.com/pmezard/go-difflib v1.0.0/go.mod h1:iKH77koFhYxTK1pcRnkKkqfTogsbg7gZNVY4sRDYZ/4=
github.com/richardlehane/mscfb v1.0.6 h1:eN3bvvZCp00bs7Zf52bxNwAx5lJDBK1tCuH19qq5aC8=
github.com/richardlehane/mscfb v1.0.6/go.mod h1:pe0+IUIc0AHh0+teNzBlJCtSyZdFOGgV4ZK9bsoV+Jo=
github.com/richardlehane/msoleps v1.0.6 h1:9BvkpjvD+iUBalUY4esMwv6uBkfOip/Lzvd93jvR9gg=
github.com/richardlehane/msoleps v1.0.6/go.mod h1:BWev5JBpU9Ko2WAgmZEuiz4/u3ZYTKbjLycmwiWUfWg=
github.com/rogpeppe/go-internal v1.14.1 h1:UQB4HGPB6osV0SQTLymcB4TgvyWu6ZyliaW0tI/otEQ=
github.com/rogpeppe/go-internal v1.14.1/go.mod h1:MaRKkUm5W0goXpeCfT7UZI6fk/L7L7so1lCWt35ZSgc=
github.com/standard-webhooks/standard-webhooks/libraries v0.0.1 h1:uOfcYT+3QungH6tIGSVCR/Y3KJmgJiHcojJbMTPDZAI=
github.com/standard-webhooks/standard-webhooks/libraries v0.0.1/go.mod h1:L1MQhA6x4dn9r007T033lsaZMv9EmBAdXyU/+EF40fo=
github.com/stretchr/objx v0.1.0/go.mod h1:HFkY916IF+rwdDfMAkV7OtwuqBVzrE8GR6GFx+wExME=
github.com/stretchr/testify v1.7.0/go.mod h1:6Fq8oRcR53rry900zMqJjRRixrwX3KX962/h/Wwjteg=
github.com/stretchr/testify v1.11.1 h1:7s2iGBzp5EwR7/aIZr8ao5+dra3wiQyKjjFuvgVKu7U=
github.com/stretchr/testify v1.11.1/go.mod h1:wZwfW3scLgRK+23gO65QZefKpKQRnfz6sD981Nm4B6U=
github.com/tidwall/gjson v1.14.2/go.mod h1:/wbyibRr2FHMks5tjHJ5F8dMZh3AcwJEMf5vlfC0lxk=
github.com/tidwall/gjson v1.19.0 h1:xwxm7n691Uf3u5OFjzngavjGTh55KX5q/9w9xHW88JU=
github.com/tidwall/gjson v1.19.0/go.mod h1:V37/opeE/JbLUOfH0QTXiNez2l0RUjYUhpT4szFQAfc=
github.com/tidwall/match v1.1.1/go.mod h1:eRSPERbgtNPcGhD8UCthc6PmLEQXEWd3PRB5JTxsfmM=
github.com/tidwall/match v1.2.0 h1:0pt8FlkOwjN2fPt4bIl4BoNxb98gGHN2ObFEDkrfZnM=
github.com/tidwall/match v1.2.0/go.mod h1:eRSPERbgtNPcGhD8UCthc6PmLEQXEWd3PRB5JTxsfmM=
github.com/tidwall/pretty v1.2.0/go.mod h1:ITEVvHYasfjBbM0u2Pg8T2nJnzm8xPwvNhhsoaGGjNU=
github.com/tidwall/pretty v1.2.1 h1:qjsOFOWWQl+N3RsoF5/ssm1pHmJJwhjlSbZ51I6wMl4=
github.com/tidwall/pretty v1.2.1/go.mod h1:ITEVvHYasfjBbM0u2Pg8T2nJnzm8xPwvNhhsoaGGjNU=
github.com/tidwall/sjson v1.2.5 h1:kLy8mja+1c9jlljvWTlSazM7cKDRfJuR/bOJhcY5NcY=
github.com/tidwall/sjson v1.2.5/go.mod h1:Fvgq9kS/6ociJEDnK0Fk1cpYF4FIW6ZF7LAe+6jwd28=
github.com/tiendc/go-deepcopy v1.7.2 h1:Ut2yYR7W9tWjTQitganoIue4UGxZwCcJy3orjrrIj44=
github.com/tiendc/go-deepcopy v1.7.2/go.mod h1:4bKjNC2r7boYOkD2IOuZpYjmlDdzjbpTRyCx+goBCJQ=
github.com/valyala/bytebufferpool v1.0.0 h1:GqA5TC/0021Y/b9FG4Oi9Mr3q7XYx6KllzawFIhcdPw=
github.com/valyala/bytebufferpool v1.0.0/go.mod h1:6bBcMArwyJ5K/AmCkWv1jt77kVWyCJ6HpOuEn7z0Csc=
github.com/valyala/quicktemplate v1.8.0 h1:zU0tjbIqTRgKQzFY1L42zq0qR3eh4WoQQdIdqCysW5k=
github.com/valyala/quicktemplate v1.8.0/go.mod h1:qIqW8/igXt8fdrUln5kOSb+KWMaJ4Y8QUsfd1k6L2jM=
github.com/wk8/go-ordered-map/v2 v2.1.8 h1:5h/BUHu93oj4gIdvHHHGsScSTMijfx5PeYkE/fJgbpc=
github.com/wk8/go-ordered-map/v2 v2.1.8/go.mod h1:5nJHM5DyteebpVlHnWMV0rPz6Zp7+xBAnxjb1X5vnTw=
github.com/xuri/efp v0.0.1 h1:fws5Rv3myXyYni8uwj2qKjVaRP30PdjeYe2Y6FDsCL8=
github.com/xuri/efp v0.0.1/go.mod h1:ybY/Jr0T0GTCnYjKqmdwxyxn2BQf2RcQIIvex5QldPI=
github.com/xuri/excelize/v2 v2.10.1 h1:V62UlqopMqha3kOpnlHy2CcRVw1V8E63jFoWUmMzxN0=
github.com/xuri/excelize/v2 v2.10.1/go.mod h1:iG5tARpgaEeIhTqt3/fgXCGoBRt4hNXgCp3tfXKoOIc=
github.com/xuri/nfp v0.0.2-0.20250530014748-2ddeb826f9a9 h1:+C0TIdyyYmzadGaL/HBLbf3WdLgC29pgyhTjAT/0nuE=
github.com/xuri/nfp v0.0.2-0.20250530014748-2ddeb826f9a9/go.mod h1:WwHg+CVyzlv/TX9xqBFXEZAuxOPxn2k1GNHwG41IIUQ=
github.com/zclconf/go-cty v1.18.1 h1:yEGE8M4iIZlyKQURZNb2SnEyZlZHUcBCnx6KF81KuwM=
github.com/zclconf/go-cty v1.18.1/go.mod h1:qpnV6EDNgC1sns/AleL1fvatHw72j+S+nS+MJ+T2CSg=
github.com/zclconf/go-cty-debug v0.0.0-20240509010212-0d6042c53940 h1:4r45xpDWB6ZMSMNJFMOjqrGHynW3DIBuR2H9j0ug+Mo=
github.com/zclconf/go-cty-debug v0.0.0-20240509010212-0d6042c53940/go.mod h1:CmBdvvj3nqzfzJ6nTCIwDTPZ56aVGvDrmztiO5g3qrM=
github.com/zclconf/go-cty-yaml v1.2.0 h1:GDyL4+e/Qe/S0B7YaecMLbVvAR/Mp21CXMOSiCTOi1M=
github.com/zclconf/go-cty-yaml v1.2.0/go.mod h1:9YLUH4g7lOhVWqUbctnVlZ5KLpg7JAprQNgxSZ1Gyxs=
go.opentelemetry.io/auto/sdk v1.2.1 h1:jXsnJ4Lmnqd11kwkBV2LgLoFMZKizbCi5fNZ/ipaZ64=
go.opentelemetry.io/auto/sdk v1.2.1/go.mod h1:KRTj+aOaElaLi+wW1kO/DZRXwkF4C5xPbEe3ZiIhN7Y=
go.opentelemetry.io/contrib/instrumentation/net/http/otelhttp v0.68.0 h1:CqXxU8VOmDefoh0+ztfGaymYbhdB/tT3zs79QaZTNGY=
go.opentelemetry.io/contrib/instrumentation/net/http/otelhttp v0.68.0/go.mod h1:BuhAPThV8PBHBvg8ZzZ/Ok3idOdhWIodywz2xEcRbJo=
go.opentelemetry.io/otel v1.44.0 h1:JjwHmHpA4iZ3wBxluu2fbbE7j4kqlE8jXyAyPXH7HqU=
go.opentelemetry.io/otel v1.44.0/go.mod h1:BMgjTHL9WPRlRjL2oZCBTL4whCGtXch2H4BhOPIAyYc=
go.opentelemetry.io/otel/exporters/otlp/otlpmetric/otlpmetricgrpc v1.43.0 h1:8UQVDcZxOJLtX6gxtDt3vY2WTgvZqMQRzjsqiIHQdkc=
go.opentelemetry.io/otel/exporters/otlp/otlpmetric/otlpmetricgrpc v1.43.0/go.mod h1:2lmweYCiHYpEjQ/lSJBYhj9jP1zvCvQW4BqL9dnT7FQ=
go.opentelemetry.io/otel/exporters/otlp/otlpmetric/otlpmetrichttp v1.43.0 h1:w1K+pCJoPpQifuVpsKamUdn9U0zM3xUziVOqsGksUrY=
go.opentelemetry.io/otel/exporters/otlp/otlpmetric/otlpmetrichttp v1.43.0/go.mod h1:HBy4BjzgVE8139ieRI75oXm3EcDN+6GhD88JT1Kjvxg=
go.opentelemetry.io/otel/exporters/otlp/otlptrace v1.43.0 h1:88Y4s2C8oTui1LGM6bTWkw0ICGcOLCAI5l6zsD1j20k=
go.opentelemetry.io/otel/exporters/otlp/otlptrace v1.43.0/go.mod h1:Vl1/iaggsuRlrHf/hfPJPvVag77kKyvrLeD10kpMl+A=
go.opentelemetry.io/otel/exporters/otlp/otlptrace/otlptracegrpc v1.43.0 h1:RAE+JPfvEmvy+0LzyUA25/SGawPwIUbZ6u0Wug54sLc=
go.opentelemetry.io/otel/exporters/otlp/otlptrace/otlptracegrpc v1.43.0/go.mod h1:AGmbycVGEsRx9mXMZ75CsOyhSP6MFIcj/6dnG+vhVjk=
go.opentelemetry.io/otel/exporters/otlp/otlptrace/otlptracehttp v1.43.0 h1:3iZJKlCZufyRzPzlQhUIWVmfltrXuGyfjREgGP3UUjc=
go.opentelemetry.io/otel/exporters/otlp/otlptrace/otlptracehttp v1.43.0/go.mod h1:/G+nUPfhq2e+qiXMGxMwumDrP5jtzU+mWN7/sjT2rak=
go.opentelemetry.io/otel/metric v1.44.0 h1:1w0gILTcHdr3YI+ixLyjemwrVnsMURbTZFrSYCdDdmc=
go.opentelemetry.io/otel/metric v1.44.0/go.mod h1:8O7hanEPBNgEMmybD3s2VBKcgWOCsA6tzHBPODAiquo=
go.opentelemetry.io/otel/metric/x v0.66.0 h1:YkCrx1zLOChi9ZcZ6euupOcsgzbVlec7D/xoEU1+cTA=
go.opentelemetry.io/otel/metric/x v0.66.0/go.mod h1:d1+BDj9t96do0/1LoU1ayfCv79ZgNE41qbhBvnMOBZk=
go.opentelemetry.io/otel/sdk v1.44.0 h1:nHYwb9lK+fJPU/dnT6s7W7Z8itMWyqrnVfbheVYrZ58=
go.opentelemetry.io/otel/sdk v1.44.0/go.mod h1:Osuydd3Se74nqjAKxid74N5eC+jfEqfTegHRnq58oK0=
go.opentelemetry.io/otel/sdk/metric v1.44.0 h1:3LlKgI+VjbVsjNRFZJZAJ30WjXC5VkNRks6si09iEfI=
go.opentelemetry.io/otel/sdk/metric v1.44.0/go.mod h1:5B5pMARnXxKhltooO4xUuCBorl65a4EpnTalObqOigA=
go.opentelemetry.io/otel/trace v1.44.0 h1:jxF5CsGYCe74MCRx2X4g7WsY/VBKRqqpNvXlX/6gtIk=
go.opentelemetry.io/otel/trace v1.44.0/go.mod h1:oLl1jrMQAVo6v3GAggN+1VH9VIz9iUSvW53sW1Q8PIE=
go.opentelemetry.io/proto/otlp v1.10.0 h1:IQRWgT5srOCYfiWnpqUYz9CVmbO8bFmKcwYxpuCSL2g=
go.opentelemetry.io/proto/otlp v1.10.0/go.mod h1:/CV4QoCR/S9yaPj8utp3lvQPoqMtxXdzn7ozvvozVqk=
go.uber.org/goleak v1.3.0 h1:2K3zAYmnTNqV73imy9J1T3WC+gmCePx2hEGkimedGto=
go.uber.org/goleak v1.3.0/go.mod h1:CoHD4mav9JJNrW/WLlf7HGZPjdw8EucARQHekz1X6bE=
go.yaml.in/yaml/v2 v2.4.4 h1:tuyd0P+2Ont/d6e2rl3be67goVK4R6deVxCUX5vyPaQ=
go.yaml.in/yaml/v2 v2.4.4/go.mod h1:gMZqIpDtDqOfM0uNfy0SkpRhvUryYH0Z6wdMYcacYXQ=
go.yaml.in/yaml/v3 v3.0.4 h1:tfq32ie2Jv2UxXFdLJdh3jXuOzWiL1fo0bu/FbuKpbc=
go.yaml.in/yaml/v3 v3.0.4/go.mod h1:DhzuOOF2ATzADvBadXxruRBLzYTpT36CKvDb3+aBEFg=
golang.org/x/crypto v0.52.0 h1:RMs7fP2rXdep0CftQlK8Uf+kibLm7qkCcradZWYz988=
golang.org/x/crypto v0.52.0/go.mod h1:1QgfPxDqh0T2M/elOJtp9RvuR95kVjir0e6/BvEmGbc=
golang.org/x/exp v0.0.0-20260508232706-74f9aab9d74a h1:+3jdDGGB8NGb1Zktc737jlt3/A5f6UlwSzmvqUuufxw=
golang.org/x/exp v0.0.0-20260508232706-74f9aab9d74a/go.mod h1:d2fgXJLVs4dYDHUk5lwMIfzRzSrWCfGZb0ZqeLa/Vcw=
golang.org/x/image v0.41.0 h1:8wS72eGJMJaBxK6okTzd4WaXumUlTVlb753MlsSvTCo=
golang.org/x/image v0.41.0/go.mod h1:uIc348UZMSvS5Z65CVZ7iDPaNobNFEPeJ4kbqTOszmA=
golang.org/x/mod v0.36.0 h1:JJjpVx6myfUsUdAzZuOSTTmRE0PfZeNWzzvKrP7amb4=
golang.org/x/mod v0.36.0/go.mod h1:moc6ELqsWcOw5Ef3xVprK5ul/MvtVvkIXLziUOICjUQ=
golang.org/x/net v0.55.0 h1:bcvxaJn3e1U6InsFWt1JUq1aSjnRxLzT2rtD2KfkDF8=
golang.org/x/net v0.55.0/go.mod h1:L5U2KuzuOe1lY7Z+aWVIKK6qEeJXnXV9yzGA+WCHJww=
golang.org/x/sync v0.20.0 h1:e0PTpb7pjO8GAtTs2dQ6jYa5BWYlMuX047Dco/pItO4=
golang.org/x/sync v0.20.0/go.mod h1:9xrNwdLfx4jkKbNva9FpL6vEN7evnE43NNNJQ2LF3+0=
golang.org/x/sys v0.45.0 h1:dO4czNzziLiiXplLQgBCEpCvXQ3dnkn0SdaZSYdQ+FY=
golang.org/x/sys v0.45.0/go.mod h1:4GL1E5IUh+htKOUEOaiffhrAeqysfVGipDYzABqnCmw=
golang.org/x/text v0.37.0 h1:Cqjiwd9eSg8e0QAkyCaQTNHFIIzWtidPahFWR83rTrc=
golang.org/x/text v0.37.0/go.mod h1:a5sjxXGs9hsn/AJVwuElvCAo9v8QYLzvavO5z2PiM38=
golang.org/x/tools v0.45.0 h1:18qN3FAooORvApf5XjCXgsuayZOEtXf6JK18I3+ONa8=
golang.org/x/tools v0.45.0/go.mod h1:LuUGqqaXcXMEFEruIVJVm5mgDD8vww/z/SR1gQ4uE/0=
gonum.org/v1/gonum v0.17.0 h1:VbpOemQlsSMrYmn7T2OUvQ4dqxQXU+ouZFQsZOx50z4=
gonum.org/v1/gonum v0.17.0/go.mod h1:El3tOrEuMpv2UdMrbNlKEh9vd86bmQ6vqIcDwxEOc1E=
google.golang.org/api v0.280.0 h1:F4OfEHZhZh6a7uTufJAXXVd/2TQ8EjM4vZH+jX/vFYk=
google.golang.org/api v0.280.0/go.mod h1:oGKmPZRDoD3vdkf6MA7F4VNkR1rxCiuaPSkhsf3EolU=
google.golang.org/genai v1.58.0 h1:MNA3ZkRyr7MnRwZ9RNZ60p4+UMKV3yYRw6pyHq4pp0U=
google.golang.org/genai v1.58.0/go.mod h1:A3kkl0nyBjyFlNjgxIwKq70julKbIxpSxqKO5gw/gmk=
google.golang.org/genproto v0.0.0-20260523011958-0a33c5d7ca68 h1:cTHF8xtqtBN5sQ4dcoNwOS6FFejvFTkWQbZXsTU3trM=
google.golang.org/genproto v0.0.0-20260523011958-0a33c5d7ca68/go.mod h1:RRHjglSYABVCWpQ7USCpdfhcd9t4PkajvVwyynZizTc=
google.golang.org/genproto/googleapis/api v0.0.0-20260523011958-0a33c5d7ca68 h1:WVVw1Nl19li0fMX++FJ3ye1z9+S1N35QODDy5qpnaXw=
google.golang.org/genproto/googleapis/api v0.0.0-20260523011958-0a33c5d7ca68/go.mod h1:1dCETSCY2YKZNXQE3h4fun3TYwF5p8jejRKZgfWAgAY=
google.golang.org/genproto/googleapis/rpc v0.0.0-20260523011958-0a33c5d7ca68 h1:PvEgGJf9C/1u5CHkInMg7UFYYUoiaQmW2LbtH0pjB78=
google.golang.org/genproto/googleapis/rpc v0.0.0-20260523011958-0a33c5d7ca68/go.mod h1:4Hqkh8ycfw05ld/3BWL7rJOSfebL2Q+DVDeRgYgxUU8=
google.golang.org/grpc v1.81.1 h1:VnnIIZ88UzOOKLukQi+ImGz8O1Wdp8nAGGnvOfEIWQQ=
google.golang.org/grpc v1.81.1/go.mod h1:xGH9GfzOyMTGIOXBJmXt+BX/V0kcdQbdcuwQ/zNw42I=
google.golang.org/protobuf v1.36.11 h1:fV6ZwhNocDyBLK0dj+fg8ektcVegBBuEolpbTQyBNVE=
google.golang.org/protobuf v1.36.11/go.mod h1:HTf+CrKn2C3g5S8VImy6tdcUvCska2kB7j23XfzDpco=
gopkg.in/check.v1 v0.0.0-20161208181325-20d25e280405/go.mod h1:Co6ibVJAznAaIkqp8huTwlJQCZ016jof/cbN4VW5Yz0=
gopkg.in/check.v1 v1.0.0-20201130134442-10cb98267c6c h1:Hei/4ADfdWqJk1ZMxUNpqntNwaWcugrBjAiHlqqRiVk=
gopkg.in/check.v1 v1.0.0-20201130134442-10cb98267c6c/go.mod h1:JHkPIbrfpd72SG/EVd6muEfDQjcINNoR0C8j2r3qZ4Q=
gopkg.in/yaml.v2 v2.4.0 h1:D8xgwECY7CYvx+Y2n4sBz93Jn9JRvxdiyyo8CTfuKaY=
gopkg.in/yaml.v2 v2.4.0/go.mod h1:RDklbk79AGWmwhnvt/jBztapEOGDOx6ZbXqjP6csGnQ=
gopkg.in/yaml.v3 v3.0.0-20200313102051-9f266ea9e77c/go.mod h1:K4uyk7z7BCEPqu6E+C64Yfv1cQ7kz7rIZviUmN+EgEM=
gopkg.in/yaml.v3 v3.0.1 h1:fxVm/GzAzEWqLHuvctI91KS9hhNmmWOoWu0XTYJS7CA=
gopkg.in/yaml.v3 v3.0.1/go.mod h1:K4uyk7z7BCEPqu6E+C64Yfv1cQ7kz7rIZviUmN+EgEM=
sigs.k8s.io/yaml v1.6.0 h1:G8fkbMSAFqgEFgh4b1wmtzDnioxFCUgTZhlbj5P9QYs=
sigs.k8s.io/yaml v1.6.0/go.mod h1:796bPqUfzR/0jLAl6XjHl3Ck7MiyVv8dbTdyT3/pMf4=
